Microsoft Visual Studio Solution File, Format Version 12.00
# Visual Studio Version 17
VisualStudioVersion = 17.0.31903.59
MinimumVisualStudioVersion = 10.0.40219.1
Project("{9A19103F-16F7-4668-BE54-9A1E7A4F7556}") = "Graft", "src\Graft\Graft.csproj", "{1D8E3F7A-2B4C-4E19-9C51-8A0D6F3B1E01}"
EndProject
Project("{9A19103F-16F7-4668-BE54-9A1E7A4F7556}") = "Graft.Tests", "tests\Graft.Tests\Graft.Tests.csproj", "{2E9F4A8B-3C5D-4F2A-8D62-9B1E7A4C2F02}"
EndProject
Global
	GlobalSection(SolutionConfigurationPlatforms) = preSolution
		Debug|Any CPU = Debug|Any CPU
		Release|Any CPU = Release|Any CPU
	EndGlobalSection
	GlobalSection(ProjectConfigurationPlatforms) = postSolution
		{1D8E3F7A-2B4C-4E19-9C51-8A0D6F3B1E01}.Debug|Any CPU.ActiveCfg = Debug|Any CPU
		{1D8E3F7A-2B4C-4E19-9C51-8A0D6F3B1E01}.Debug|Any CPU.Build.0 = Debug|Any CPU
		{1D8E3F7A-2B4C-4E19-9C51-8A0D6F3B1E01}.Release|Any CPU.ActiveCfg = Release|Any CPU
		{1D8E3F7A-2B4C-4E19-9C51-8A0D6F3B1E01}.Release|Any CPU.Build.0 = Release|Any CPU
		{2E9F4A8B-3C5D-4F2A-8D62-9B1E7A4C2F02}.Debug|Any CPU.ActiveCfg = Debug|Any CPU
		{2E9F4A8B-3C5D-4F2A-8D62-9B1E7A4C2F02}.Debug|Any CPU.Build.0 = Debug|Any CPU
		{2E9F4A8B-3C5D-4F2A-8D62-9B1E7A4C2F02}.Release|Any CPU.ActiveCfg = Release|Any CPU
		{2E9F4A8B-3C5D-4F2A-8D62-9B1E7A4C2F02}.Release|Any CPU.Build.0 = Release|Any CPU
	EndGlobalSection
	GlobalSection(SolutionProperties) = preSolution
		HideSolutionNode = FALSE
	EndGlobalSection
EndGlobal
